
Microsoft Visual Studio Solution File, Format Version 12.00
# Visual Studio 15
VisualStudioVersion = 15.0.27004.2006
MinimumVisualStudioVersion = 10.0.40219.1
Project("{9A19103F-16F7-4668-BE54-9A1E7A4F7556}") = "Kum", "Kum\Kum.csproj", "{A0F296FE-D903-4100-B584-196D73516784}"
EndProject
Project("{9A19103F-16F7-4668-BE54-9A1E7A4F7556}") = "Kum.Web", "Kum.Web\Kum.Web.csproj", "{346B5924-289D-4704-89B2-11D29BDF427D}"
EndProject
Project("{9A19103F-16F7-4668-BE54-9A1E7A4F7556}") = "Kum.Web.Common", "Kum.Web.Common\Kum.Web.Common.csproj", "{C3EE9954-7DDF-4BF3-93FE-DE90D9776F47}"
EndProject
Project("{9A19103F-16F7-4668-BE54-9A1E7A4F7556}") = "Kum.Web.Api", "Kum.Web.Api\Kum.Web.Api.csproj", "{E18E98F8-E55A-4531-8B14-5BAE44AC2015}"
EndProject
Project("{9A19103F-16F7-4668-BE54-9A1E7A4F7556}") = "Kum.AutoMapper", "Kum.AutoMapper\Kum.AutoMapper.csproj", "{09E13F4C-3385-4248-BDD8-DE3BF0FD9A72}"
EndProject
Project("{9A19103F-16F7-4668-BE54-9A1E7A4F7556}") = "Kum.Castle.Log4Net", "Kum.Castle.Log4Net\Kum.Castle.Log4Net.csproj", "{C4A93355-E7F3-47C7-B37C-6EC34B52FD24}"
EndProject
Project("{9A19103F-16F7-4668-BE54-9A1E7A4F7556}") = "Kum.EntityFramework", "Kum.EntityFramework\Kum.EntityFramework.csproj", "{D9D22179-1330-40E8-88EE-61EACE9CFC76}"
EndProject
Project("{9A19103F-16F7-4668-BE54-9A1E7A4F7556}") = "Kum.EntityFramework.Common", "Kum.EntityFramework.Common\Kum.EntityFramework.Common.csproj", "{F2435D93-295F-4420-8F2B-D079950BB3B0}"
EndProject
Project("{2150E333-8FDC-42A3-9474-1A3956D46DE8}") = "项目", "项目", "{9DEFC645-A62D-4D6C-89BA-49F33366B118}"
EndProject
Project("{2150E333-8FDC-42A3-9474-1A3956D46DE8}") = "框架", "框架", "{76F2E03D-59E6-413F-90E6-DF48B202E3DA}"
EndProject
Project("{FAE04EC0-301F-11D3-BF4B-00C04F79EFBC}") = "Mao.Application", "Mao.Application\Mao.Application.csproj", "{EDF5D964-4C0F-4F19-B674-58A38A5E5401}"
EndProject
Project("{FAE04EC0-301F-11D3-BF4B-00C04F79EFBC}") = "Mao.Core", "Mao.Core\Mao.Core.csproj", "{17298EA0-AF73-4F30-B6F1-2066100D7D74}"
EndProject
Project("{FAE04EC0-301F-11D3-BF4B-00C04F79EFBC}") = "Mao.EntityFramework", "Mao.EntityFramework\Mao.EntityFramework.csproj", "{3979F157-DEB0-4878-AB1D-4CEF6B5A1300}"
EndProject
Project("{FAE04EC0-301F-11D3-BF4B-00C04F79EFBC}") = "Mao.Web", "Mao.Web\Mao.Web.csproj", "{404A6D3B-AA85-4E4C-AEEE-1E5026D5F135}"
EndProject
Project("{FAE04EC0-301F-11D3-BF4B-00C04F79EFBC}") = "Mao.WebApi", "Mao.WebApi\Mao.WebApi.csproj", "{5EB52D3D-09FD-463A-B02A-8D9856BD3724}"
EndProject
Project("{9A19103F-16F7-4668-BE54-9A1E7A4F7556}") = "Kum.Web.Mvc", "Kum.Web.Mvc\Kum.Web.Mvc.csproj", "{B399010B-8BC7-43AF-BA67-94AF348F9463}"
EndProject
Project("{9A19103F-16F7-4668-BE54-9A1E7A4F7556}") = "Kum.FluentMigrator", "Kum.FluentMigrator\Kum.FluentMigrator.csproj", "{081D9563-FC36-4C3E-80BD-06E9045E0DCF}"
EndProject
Project("{9A19103F-16F7-4668-BE54-9A1E7A4F7556}") = "Kum.Owin", "Kum.Owin\Kum.Owin.csproj", "{41E384EA-4ED6-40C0-ADB9-F641B0B1D0B5}"
EndProject
Project("{FAE04EC0-301F-11D3-BF4B-00C04F79EFBC}") = "Mao.Util.Extension", "LeaRun.Util.Extension\Mao.Util.Extension.csproj", "{4B7DDE80-DFA1-4938-93F8-3721E2C592B9}"
EndProject
Project("{9A19103F-16F7-4668-BE54-9A1E7A4F7556}") = "Kum.Zero.Common", "Kum.Zero.Common\Kum.Zero.Common.csproj", "{3B06041E-1D59-44D6-A559-CF40CDFA8598}"
EndProject
Project("{9A19103F-16F7-4668-BE54-9A1E7A4F7556}") = "Kum.Zero.EntityFramework", "Abp.Zero.EntityFramework\Kum.Zero.EntityFramework.csproj", "{84302759-2EC2-4F34-8570-CFC3739EFF0A}"
EndProject
Project("{9A19103F-16F7-4668-BE54-9A1E7A4F7556}") = "Kum.Zero", "Kum.Zero\Kum.Zero.csproj", "{4A96B924-2F28-4306-8808-1A72C27AA1F3}"
EndProject
Project("{FAE04EC0-301F-11D3-BF4B-00C04F79EFBC}") = "Kum.Zero.Owin", "Kum.Zero.Owin\Kum.Zero.Owin.csproj", "{0D158B39-5075-4CD8-AC1B-D674B140FA5B}"
EndProject
Global
	GlobalSection(SolutionConfigurationPlatforms) = preSolution
		Debug|Any CPU = Debug|Any CPU
		Release|Any CPU = Release|Any CPU
	EndGlobalSection
	GlobalSection(ProjectConfigurationPlatforms) = postSolution
		{A0F296FE-D903-4100-B584-196D73516784}.Debug|Any CPU.ActiveCfg = Debug|Any CPU
		{A0F296FE-D903-4100-B584-196D73516784}.Debug|Any CPU.Build.0 = Debug|Any CPU
		{A0F296FE-D903-4100-B584-196D73516784}.Release|Any CPU.ActiveCfg = Release|Any CPU
		{A0F296FE-D903-4100-B584-196D73516784}.Release|Any CPU.Build.0 = Release|Any CPU
		{346B5924-289D-4704-89B2-11D29BDF427D}.Debug|Any CPU.ActiveCfg = Debug|Any CPU
		{346B5924-289D-4704-89B2-11D29BDF427D}.Debug|Any CPU.Build.0 = Debug|Any CPU
		{346B5924-289D-4704-89B2-11D29BDF427D}.Release|Any CPU.ActiveCfg = Release|Any CPU
		{346B5924-289D-4704-89B2-11D29BDF427D}.Release|Any CPU.Build.0 = Release|Any CPU
		{C3EE9954-7DDF-4BF3-93FE-DE90D9776F47}.Debug|Any CPU.ActiveCfg = Debug|Any CPU
		{C3EE9954-7DDF-4BF3-93FE-DE90D9776F47}.Debug|Any CPU.Build.0 = Debug|Any CPU
		{C3EE9954-7DDF-4BF3-93FE-DE90D9776F47}.Release|Any CPU.ActiveCfg = Release|Any CPU
		{C3EE9954-7DDF-4BF3-93FE-DE90D9776F47}.Release|Any CPU.Build.0 = Release|Any CPU
		{E18E98F8-E55A-4531-8B14-5BAE44AC2015}.Debug|Any CPU.ActiveCfg = Debug|Any CPU
		{E18E98F8-E55A-4531-8B14-5BAE44AC2015}.Debug|Any CPU.Build.0 = Debug|Any CPU
		{E18E98F8-E55A-4531-8B14-5BAE44AC2015}.Release|Any CPU.ActiveCfg = Release|Any CPU
		{E18E98F8-E55A-4531-8B14-5BAE44AC2015}.Release|Any CPU.Build.0 = Release|Any CPU
		{09E13F4C-3385-4248-BDD8-DE3BF0FD9A72}.Debug|Any CPU.ActiveCfg = Debug|Any CPU
		{09E13F4C-3385-4248-BDD8-DE3BF0FD9A72}.Debug|Any CPU.Build.0 = Debug|Any CPU
		{09E13F4C-3385-4248-BDD8-DE3BF0FD9A72}.Release|Any CPU.ActiveCfg = Release|Any CPU
		{09E13F4C-3385-4248-BDD8-DE3BF0FD9A72}.Release|Any CPU.Build.0 = Release|Any CPU
		{C4A93355-E7F3-47C7-B37C-6EC34B52FD24}.Debug|Any CPU.ActiveCfg = Debug|Any CPU
		{C4A93355-E7F3-47C7-B37C-6EC34B52FD24}.Debug|Any CPU.Build.0 = Debug|Any CPU
		{C4A93355-E7F3-47C7-B37C-6EC34B52FD24}.Release|Any CPU.ActiveCfg = Release|Any CPU
		{C4A93355-E7F3-47C7-B37C-6EC34B52FD24}.Release|Any CPU.Build.0 = Release|Any CPU
		{D9D22179-1330-40E8-88EE-61EACE9CFC76}.Debug|Any CPU.ActiveCfg = Debug|Any CPU
		{D9D22179-1330-40E8-88EE-61EACE9CFC76}.Debug|Any CPU.Build.0 = Debug|Any CPU
		{D9D22179-1330-40E8-88EE-61EACE9CFC76}.Release|Any CPU.ActiveCfg = Release|Any CPU
		{D9D22179-1330-40E8-88EE-61EACE9CFC76}.Release|Any CPU.Build.0 = Release|Any CPU
		{F2435D93-295F-4420-8F2B-D079950BB3B0}.Debug|Any CPU.ActiveCfg = Debug|Any CPU
		{F2435D93-295F-4420-8F2B-D079950BB3B0}.Debug|Any CPU.Build.0 = Debug|Any CPU
		{F2435D93-295F-4420-8F2B-D079950BB3B0}.Release|Any CPU.ActiveCfg = Release|Any CPU
		{F2435D93-295F-4420-8F2B-D079950BB3B0}.Release|Any CPU.Build.0 = Release|Any CPU
		{EDF5D964-4C0F-4F19-B674-58A38A5E5401}.Debug|Any CPU.ActiveCfg = Debug|Any CPU
		{EDF5D964-4C0F-4F19-B674-58A38A5E5401}.Debug|Any CPU.Build.0 = Debug|Any CPU
		{EDF5D964-4C0F-4F19-B674-58A38A5E5401}.Release|Any CPU.ActiveCfg = Release|Any CPU
		{EDF5D964-4C0F-4F19-B674-58A38A5E5401}.Release|Any CPU.Build.0 = Release|Any CPU
		{17298EA0-AF73-4F30-B6F1-2066100D7D74}.Debug|Any CPU.ActiveCfg = Debug|Any CPU
		{17298EA0-AF73-4F30-B6F1-2066100D7D74}.Debug|Any CPU.Build.0 = Debug|Any CPU
		{17298EA0-AF73-4F30-B6F1-2066100D7D74}.Release|Any CPU.ActiveCfg = Release|Any CPU
		{17298EA0-AF73-4F30-B6F1-2066100D7D74}.Release|Any CPU.Build.0 = Release|Any CPU
		{3979F157-DEB0-4878-AB1D-4CEF6B5A1300}.Debug|Any CPU.ActiveCfg = Debug|Any CPU
		{3979F157-DEB0-4878-AB1D-4CEF6B5A1300}.Debug|Any CPU.Build.0 = Debug|Any CPU
		{3979F157-DEB0-4878-AB1D-4CEF6B5A1300}.Release|Any CPU.ActiveCfg = Release|Any CPU
		{3979F157-DEB0-4878-AB1D-4CEF6B5A1300}.Release|Any CPU.Build.0 = Release|Any CPU
		{404A6D3B-AA85-4E4C-AEEE-1E5026D5F135}.Debug|Any CPU.ActiveCfg = Debug|Any CPU
		{404A6D3B-AA85-4E4C-AEEE-1E5026D5F135}.Debug|Any CPU.Build.0 = Debug|Any CPU
		{404A6D3B-AA85-4E4C-AEEE-1E5026D5F135}.Release|Any CPU.ActiveCfg = Release|Any CPU
		{404A6D3B-AA85-4E4C-AEEE-1E5026D5F135}.Release|Any CPU.Build.0 = Release|Any CPU
		{5EB52D3D-09FD-463A-B02A-8D9856BD3724}.Debug|Any CPU.ActiveCfg = Debug|Any CPU
		{5EB52D3D-09FD-463A-B02A-8D9856BD3724}.Debug|Any CPU.Build.0 = Debug|Any CPU
		{5EB52D3D-09FD-463A-B02A-8D9856BD3724}.Release|Any CPU.ActiveCfg = Release|Any CPU
		{5EB52D3D-09FD-463A-B02A-8D9856BD3724}.Release|Any CPU.Build.0 = Release|Any CPU
		{B399010B-8BC7-43AF-BA67-94AF348F9463}.Debug|Any CPU.ActiveCfg = Debug|Any CPU
		{B399010B-8BC7-43AF-BA67-94AF348F9463}.Debug|Any CPU.Build.0 = Debug|Any CPU
		{B399010B-8BC7-43AF-BA67-94AF348F9463}.Release|Any CPU.ActiveCfg = Release|Any CPU
		{B399010B-8BC7-43AF-BA67-94AF348F9463}.Release|Any CPU.Build.0 = Release|Any CPU
		{081D9563-FC36-4C3E-80BD-06E9045E0DCF}.Debug|Any CPU.ActiveCfg = Debug|Any CPU
		{081D9563-FC36-4C3E-80BD-06E9045E0DCF}.Debug|Any CPU.Build.0 = Debug|Any CPU
		{081D9563-FC36-4C3E-80BD-06E9045E0DCF}.Release|Any CPU.ActiveCfg = Release|Any CPU
		{081D9563-FC36-4C3E-80BD-06E9045E0DCF}.Release|Any CPU.Build.0 = Release|Any CPU
		{41E384EA-4ED6-40C0-ADB9-F641B0B1D0B5}.Debug|Any CPU.ActiveCfg = Debug|Any CPU
		{41E384EA-4ED6-40C0-ADB9-F641B0B1D0B5}.Debug|Any CPU.Build.0 = Debug|Any CPU
		{41E384EA-4ED6-40C0-ADB9-F641B0B1D0B5}.Release|Any CPU.ActiveCfg = Release|Any CPU
		{41E384EA-4ED6-40C0-ADB9-F641B0B1D0B5}.Release|Any CPU.Build.0 = Release|Any CPU
		{4B7DDE80-DFA1-4938-93F8-3721E2C592B9}.Debug|Any CPU.ActiveCfg = Debug|Any CPU
		{4B7DDE80-DFA1-4938-93F8-3721E2C592B9}.Debug|Any CPU.Build.0 = Debug|Any CPU
		{4B7DDE80-DFA1-4938-93F8-3721E2C592B9}.Release|Any CPU.ActiveCfg = Release|Any CPU
		{4B7DDE80-DFA1-4938-93F8-3721E2C592B9}.Release|Any CPU.Build.0 = Release|Any CPU
		{3B06041E-1D59-44D6-A559-CF40CDFA8598}.Debug|Any CPU.ActiveCfg = Debug|Any CPU
		{3B06041E-1D59-44D6-A559-CF40CDFA8598}.Debug|Any CPU.Build.0 = Debug|Any CPU
		{3B06041E-1D59-44D6-A559-CF40CDFA8598}.Release|Any CPU.ActiveCfg = Release|Any CPU
		{3B06041E-1D59-44D6-A559-CF40CDFA8598}.Release|Any CPU.Build.0 = Release|Any CPU
		{84302759-2EC2-4F34-8570-CFC3739EFF0A}.Debug|Any CPU.ActiveCfg = Debug|Any CPU
		{84302759-2EC2-4F34-8570-CFC3739EFF0A}.Debug|Any CPU.Build.0 = Debug|Any CPU
		{84302759-2EC2-4F34-8570-CFC3739EFF0A}.Release|Any CPU.ActiveCfg = Release|Any CPU
		{84302759-2EC2-4F34-8570-CFC3739EFF0A}.Release|Any CPU.Build.0 = Release|Any CPU
		{4A96B924-2F28-4306-8808-1A72C27AA1F3}.Debug|Any CPU.ActiveCfg = Debug|Any CPU
		{4A96B924-2F28-4306-8808-1A72C27AA1F3}.Debug|Any CPU.Build.0 = Debug|Any CPU
		{4A96B924-2F28-4306-8808-1A72C27AA1F3}.Release|Any CPU.ActiveCfg = Release|Any CPU
		{4A96B924-2F28-4306-8808-1A72C27AA1F3}.Release|Any CPU.Build.0 = Release|Any CPU
		{0D158B39-5075-4CD8-AC1B-D674B140FA5B}.Debug|Any CPU.ActiveCfg = Debug|Any CPU
		{0D158B39-5075-4CD8-AC1B-D674B140FA5B}.Debug|Any CPU.Build.0 = Debug|Any CPU
		{0D158B39-5075-4CD8-AC1B-D674B140FA5B}.Release|Any CPU.ActiveCfg = Release|Any CPU
		{0D158B39-5075-4CD8-AC1B-D674B140FA5B}.Release|Any CPU.Build.0 = Release|Any CPU
	EndGlobalSection
	GlobalSection(SolutionProperties) = preSolution
		HideSolutionNode = FALSE
	EndGlobalSection
	GlobalSection(NestedProjects) = preSolution
		{A0F296FE-D903-4100-B584-196D73516784} = {76F2E03D-59E6-413F-90E6-DF48B202E3DA}
		{346B5924-289D-4704-89B2-11D29BDF427D} = {76F2E03D-59E6-413F-90E6-DF48B202E3DA}
		{C3EE9954-7DDF-4BF3-93FE-DE90D9776F47} = {76F2E03D-59E6-413F-90E6-DF48B202E3DA}
		{E18E98F8-E55A-4531-8B14-5BAE44AC2015} = {76F2E03D-59E6-413F-90E6-DF48B202E3DA}
		{09E13F4C-3385-4248-BDD8-DE3BF0FD9A72} = {76F2E03D-59E6-413F-90E6-DF48B202E3DA}
		{C4A93355-E7F3-47C7-B37C-6EC34B52FD24} = {76F2E03D-59E6-413F-90E6-DF48B202E3DA}
		{D9D22179-1330-40E8-88EE-61EACE9CFC76} = {76F2E03D-59E6-413F-90E6-DF48B202E3DA}
		{F2435D93-295F-4420-8F2B-D079950BB3B0} = {76F2E03D-59E6-413F-90E6-DF48B202E3DA}
		{EDF5D964-4C0F-4F19-B674-58A38A5E5401} = {9DEFC645-A62D-4D6C-89BA-49F33366B118}
		{17298EA0-AF73-4F30-B6F1-2066100D7D74} = {9DEFC645-A62D-4D6C-89BA-49F33366B118}
		{3979F157-DEB0-4878-AB1D-4CEF6B5A1300} = {9DEFC645-A62D-4D6C-89BA-49F33366B118}
		{404A6D3B-AA85-4E4C-AEEE-1E5026D5F135} = {9DEFC645-A62D-4D6C-89BA-49F33366B118}
		{5EB52D3D-09FD-463A-B02A-8D9856BD3724} = {9DEFC645-A62D-4D6C-89BA-49F33366B118}
		{B399010B-8BC7-43AF-BA67-94AF348F9463} = {76F2E03D-59E6-413F-90E6-DF48B202E3DA}
		{081D9563-FC36-4C3E-80BD-06E9045E0DCF} = {76F2E03D-59E6-413F-90E6-DF48B202E3DA}
		{41E384EA-4ED6-40C0-ADB9-F641B0B1D0B5} = {76F2E03D-59E6-413F-90E6-DF48B202E3DA}
		{4B7DDE80-DFA1-4938-93F8-3721E2C592B9} = {9DEFC645-A62D-4D6C-89BA-49F33366B118}
		{3B06041E-1D59-44D6-A559-CF40CDFA8598} = {76F2E03D-59E6-413F-90E6-DF48B202E3DA}
		{84302759-2EC2-4F34-8570-CFC3739EFF0A} = {76F2E03D-59E6-413F-90E6-DF48B202E3DA}
		{4A96B924-2F28-4306-8808-1A72C27AA1F3} = {76F2E03D-59E6-413F-90E6-DF48B202E3DA}
		{0D158B39-5075-4CD8-AC1B-D674B140FA5B} = {76F2E03D-59E6-413F-90E6-DF48B202E3DA}
	EndGlobalSection
	GlobalSection(ExtensibilityGlobals) = postSolution
		SolutionGuid = {7D11CABE-E643-4C40-87F7-9470C9E60B9D}
	EndGlobalSection
EndGlobal
